
Microsoft Visual Studio Solution File, Format Version 12.00
# Visual Studio Version 17
VisualStudioVersion = 17.6.33723.286
MinimumVisualStudioVersion = 10.0.40219.1
Project("{888888A0-9F3D-457C-B088-3A5042F75D52}") = "DP_Project_2", "DP_Project_2\DP_Project_2.pyproj", "{31F58880-1794-43F2-8A1C-8E8C1C6DAC50}"
EndProject
Global
	GlobalSection(SolutionConfigurationPlatforms) = preSolution
		Debug|Any CPU = Debug|Any CPU
		Release|Any CPU = Release|Any CPU
	EndGlobalSection
	GlobalSection(ProjectConfigurationPlatforms) = postSolution
		{31F58880-1794-43F2-8A1C-8E8C1C6DAC50}.Debug|Any CPU.ActiveCfg = Debug|Any CPU
		{31F58880-1794-43F2-8A1C-8E8C1C6DAC50}.Release|Any CPU.ActiveCfg = Release|Any CPU
	EndGlobalSection
	GlobalSection(SolutionProperties) = preSolution
		HideSolutionNode = FALSE
	EndGlobalSection
	GlobalSection(ExtensibilityGlobals) = postSolution
		SolutionGuid = {639092B0-9F0E-4CAE-B3DF-02C470E5BA9F}
	EndGlobalSection
EndGlobal
